// !$*UTF8*$!
{
	archiveVersion = 1;
	classes = {
	};
	objectVersion = 50;
	objects = {

/* Begin PBXBuildFile section */
		99E2DC9120AB640400471CBA /* main.cpp in Sources */ = {isa = PBXBuildFile; fileRef = 99E2DC9020AB640400471CBA /* main.cpp */; };
		99E2DC9F20AB649000471CBA /* dni.cpp in Sources */ = {isa = PBXBuildFile; fileRef = 99E2DC9A20AB649000471CBA /* dni.cpp */; };
/* End PBXBuildFile section */

/* Begin PBXCopyFilesBuildPhase section */
		99E2DC8B20AB640300471CBA /* CopyFiles */ = {
			isa = PBXCopyFilesBuildPhase;
			buildActionMask = 2147483647;
			dstPath = /usr/share/man/man1/;
			dstSubfolderSpec = 0;
			files = (
			);
			runOnlyForDeploymentPostprocessing = 1;
		};
/* End PBXCopyFilesBuildPhase section */

/* Begin PBXFileReference section */
		99E2DC8D20AB640300471CBA /* P7_AVL */ = {isa = PBXFileReference; explicitFileType = "compiled.mach-o.executable"; includeInIndex = 0; path = P7_AVL; sourceTree = BUILT_PRODUCTS_DIR; };
		99E2DC9020AB640400471CBA /* main.cpp */ = {isa = PBXFileReference; lastKnownFileType = sourcecode.cpp.cpp; path = main.cpp; sourceTree = "<group>"; };
		99E2DC9820AB649000471CBA /* cola.hpp */ = {isa = PBXFileReference; fileEncoding = 4; lastKnownFileType = sourcecode.cpp.h; path = cola.hpp; sourceTree = "<group>"; };
		99E2DC9A20AB649000471CBA /* dni.cpp */ = {isa = PBXFileReference; fileEncoding = 4; lastKnownFileType = sourcecode.cpp.cpp; path = dni.cpp; sourceTree = "<group>"; };
		99E2DC9B20AB649000471CBA /* dni.hpp */ = {isa = PBXFileReference; fileEncoding = 4; lastKnownFileType = sourcecode.cpp.h; path = dni.hpp; sourceTree = "<group>"; };
		99E2DC9D20AB649000471CBA /* arbol.hpp */ = {isa = PBXFileReference; fileEncoding = 4; lastKnownFileType = sourcecode.cpp.h; path = arbol.hpp; sourceTree = "<group>"; };
		99E2DC9E20AB649000471CBA /* node.hpp */ = {isa = PBXFileReference; fileEncoding = 4; lastKnownFileType = sourcecode.cpp.h; path = node.hpp; sourceTree = "<group>"; };
/* End PBXFileReference section */

/* Begin PBXFrameworksBuildPhase section */
		99E2DC8A20AB640300471CBA /* Frameworks */ = {
			isa = PBXFrameworksBuildPhase;
			buildActionMask = 2147483647;
			files = (
			);
			runOnlyForDeploymentPostprocessing = 0;
		};
/* End PBXFrameworksBuildPhase section */

/* Begin PBXGroup section */
		99E2DC8420AB640300471CBA = {
			isa = PBXGroup;
			children = (
				99E2DC8F20AB640300471CBA /* P7_AVL */,
				99E2DC8E20AB640300471CBA /* Products */,
			);
			sourceTree = "<group>";
		};
		99E2DC8E20AB640300471CBA /* Products */ = {
			isa = PBXGroup;
			children = (
				99E2DC8D20AB640300471CBA /* P7_AVL */,
			);
			name = Products;
			sourceTree = "<group>";
		};
		99E2DC8F20AB640300471CBA /* P7_AVL */ = {
			isa = PBXGroup;
			children = (
				99E2DC9020AB640400471CBA /* main.cpp */,
				99E2DC9C20AB649000471CBA /* ABB */,
				99E2DC9720AB649000471CBA /* COLA */,
				99E2DC9920AB649000471CBA /* DNI */,
			);
			path = P7_AVL;
			sourceTree = "<group>";
		};
		99E2DC9720AB649000471CBA /* COLA */ = {
			isa = PBXGroup;
			children = (
				99E2DC9820AB649000471CBA /* cola.hpp */,
			);
			path = COLA;
			sourceTree = "<group>";
		};
		99E2DC9920AB649000471CBA /* DNI */ = {
			isa = PBXGroup;
			children = (
				99E2DC9A20AB649000471CBA /* dni.cpp */,
				99E2DC9B20AB649000471CBA /* dni.hpp */,
			);
			path = DNI;
			sourceTree = "<group>";
		};
		99E2DC9C20AB649000471CBA /* ABB */ = {
			isa = PBXGroup;
			children = (
				99E2DC9D20AB649000471CBA /* arbol.hpp */,
				99E2DC9E20AB649000471CBA /* node.hpp */,
			);
			path = ABB;
			sourceTree = "<group>";
		};
/* End PBXGroup section */

/* Begin PBXNativeTarget section */
		99E2DC8C20AB640300471CBA /* P7_AVL */ = {
			isa = PBXNativeTarget;
			buildConfigurationList = 99E2DC9420AB640400471CBA /* Build configuration list for PBXNativeTarget "P7_AVL" */;
			buildPhases = (
				99E2DC8920AB640300471CBA /* Sources */,
				99E2DC8A20AB640300471CBA /* Frameworks */,
				99E2DC8B20AB640300471CBA /* CopyFiles */,
			);
			buildRules = (
			);
			dependencies = (
			);
			name = P7_AVL;
			productName = P7_AVL;
			productReference = 99E2DC8D20AB640300471CBA /* P7_AVL */;
			productType = "com.apple.product-type.tool";
		};
/* End PBXNativeTarget section */

/* Begin PBXProject section */
		99E2DC8520AB640300471CBA /* Project object */ = {
			isa = PBXProject;
			attributes = {
				LastUpgradeCheck = 0930;
				ORGANIZATIONNAME = "Pablo González González";
				TargetAttributes = {
					99E2DC8C20AB640300471CBA = {
						CreatedOnToolsVersion = 9.3;
					};
				};
			};
			buildConfigurationList = 99E2DC8820AB640300471CBA /* Build configuration list for PBXProject "P7_AVL" */;
			compatibilityVersion = "Xcode 9.3";
			developmentRegion = en;
			hasScannedForEncodings = 0;
			knownRegions = (
				en,
			);
			mainGroup = 99E2DC8420AB640300471CBA;
			productRefGroup = 99E2DC8E20AB640300471CBA /* Products */;
			projectDirPath = "";
			projectRoot = "";
			targets = (
				99E2DC8C20AB640300471CBA /* P7_AVL */,
			);
		};
/* End PBXProject section */

/* Begin PBXSourcesBuildPhase section */
		99E2DC8920AB640300471CBA /* Sources */ = {
			isa = PBXSourcesBuildPhase;
			buildActionMask = 2147483647;
			files = (
				99E2DC9120AB640400471CBA /* main.cpp in Sources */,
				99E2DC9F20AB649000471CBA /* dni.cpp in Sources */,
			);
			runOnlyForDeploymentPostprocessing = 0;
		};
/* End PBXSourcesBuildPhase section */

/* Begin XCBuildConfiguration section */
		99E2DC9220AB640400471CBA /* Debug */ = {
			isa = XCBuildConfiguration;
			buildSettings = {
				ALWAYS_SEARCH_USER_PATHS = NO;
				CLANG_ANALYZER_NONNULL = YES;
				CLANG_ANALYZER_NUMBER_OBJECT_CONVERSION = YES_AGGRESSIVE;
				CLANG_CXX_LANGUAGE_STANDARD = "gnu++14";
				CLANG_CXX_LIBRARY = "libc++";
				CLANG_ENABLE_MODULES = YES;
				CLANG_ENABLE_OBJC_ARC = YES;
				CLANG_ENABLE_OBJC_WEAK = YES;
				CLANG_WARN_BLOCK_CAPTURE_AUTORELEASING = YES;
				CLANG_WARN_BOOL_CONVERSION = YES;
				CLANG_WARN_COMMA = YES;
				CLANG_WARN_CONSTANT_CONVERSION = YES;
				CLANG_WARN_DEPRECATED_OBJC_IMPLEMENTATIONS = YES;
				CLANG_WARN_DIRECT_OBJC_ISA_USAGE = YES_ERROR;
				CLANG_WARN_DOCUMENTATION_COMMENTS = YES;
				CLANG_WARN_EMPTY_BODY = YES;
				CLANG_WARN_ENUM_CONVERSION = YES;
				CLANG_WARN_INFINITE_RECURSION = YES;
				CLANG_WARN_INT_CONVERSION = YES;
				CLANG_WARN_NON_LITERAL_NULL_CONVERSION = YES;
				CLANG_WARN_OBJC_IMPLICIT_RETAIN_SELF = YES;
				CLANG_WARN_OBJC_LITERAL_CONVERSION = YES;
				CLANG_WARN_OBJC_ROOT_CLASS = YES_ERROR;
				CLANG_WARN_RANGE_LOOP_ANALYSIS = YES;
				CLANG_WARN_STRICT_PROTOTYPES = YES;
				CLANG_WARN_SUSPICIOUS_MOVE = YES;
				CLANG_WARN_UNGUARDED_AVAILABILITY = YES_AGGRESSIVE;
				CLANG_WARN_UNREACHABLE_CODE = YES;
				CLANG_WARN__DUPLICATE_METHOD_MATCH = YES;
				CODE_SIGN_IDENTITY = "Mac Developer";
				COPY_PHASE_STRIP = NO;
				DEBUG_INFORMATION_FORMAT = dwarf;
				ENABLE_STRICT_OBJC_MSGSEND = YES;
				ENABLE_TESTABILITY = YES;
				GCC_C_LANGUAGE_STANDARD = gnu11;
				GCC_DYNAMIC_NO_PIC = NO;
				GCC_NO_COMMON_BLOCKS = YES;
				GCC_OPTIMIZATION_LEVEL = 0;
				GCC_PREPROCESSOR_DEFINITIONS = (
					"DEBUG=1",
					"$(inherited)",
				);
				GCC_WARN_64_TO_32_BIT_CONVERSION = YES;
				GCC_WARN_ABOUT_RETURN_TYPE = YES_ERROR;
				GCC_WARN_UNDECLARED_SELECTOR = YES;
				GCC_WARN_UNINITIALIZED_AUTOS = YES_AGGRESSIVE;
				GCC_WARN_UNUSED_FUNCTION = YES;
				GCC_WARN_UNUSED_VARIABLE = YES;
				MACOSX_DEPLOYMENT_TARGET = 10.13;
				MTL_ENABLE_DEBUG_INFO = YES;
				ONLY_ACTIVE_ARCH = YES;
				SDKROOT = macosx;
			};
			name = Debug;
		};
		99E2DC9320AB640400471CBA /* Release */ = {
			isa = XCBuildConfiguration;
			buildSettings = {
				ALWAYS_SEARCH_USER_PATHS = NO;
				CLANG_ANALYZER_NONNULL = YES;
				CLANG_ANALYZER_NUMBER_OBJECT_CONVERSION = YES_AGGRESSIVE;
				CLANG_CXX_LANGUAGE_STANDARD = "gnu++14";
				CLANG_CXX_LIBRARY = "libc++";
				CLANG_ENABLE_MODULES = YES;
				CLANG_ENABLE_OBJC_ARC = YES;
				CLANG_ENABLE_OBJC_WEAK = YES;
				CLANG_WARN_BLOCK_CAPTURE_AUTORELEASING = YES;
				CLANG_WARN_BOOL_CONVERSION = YES;
				CLANG_WARN_COMMA = YES;
				CLANG_WARN_CONSTANT_CONVERSION = YES;
				CLANG_WARN_DEPRECATED_OBJC_IMPLEMENTATIONS = YES;
				CLANG_WARN_DIRECT_OBJC_ISA_USAGE = YES_ERROR;
				CLANG_WARN_DOCUMENTATION_COMMENTS = YES;
				CLANG_WARN_EMPTY_BODY = YES;
				CLANG_WARN_ENUM_CONVERSION = YES;
				CLANG_WARN_INFINITE_RECURSION = YES;
				CLANG_WARN_INT_CONVERSION = YES;
				CLANG_WARN_NON_LITERAL_NULL_CONVERSION = YES;
				CLANG_WARN_OBJC_IMPLICIT_RETAIN_SELF = YES;
				CLANG_WARN_OBJC_LITERAL_CONVERSION = YES;
				CLANG_WARN_OBJC_ROOT_CLASS = YES_ERROR;
				CLANG_WARN_RANGE_LOOP_ANALYSIS = YES;
				CLANG_WARN_STRICT_PROTOTYPES = YES;
				CLANG_WARN_SUSPICIOUS_MOVE = YES;
				CLANG_WARN_UNGUARDED_AVAILABILITY = YES_AGGRESSIVE;
				CLANG_WARN_UNREACHABLE_CODE = YES;
				CLANG_WARN__DUPLICATE_METHOD_MATCH = YES;
				CODE_SIGN_IDENTITY = "Mac Developer";
				COPY_PHASE_STRIP = NO;
				DEBUG_INFORMATION_FORMAT = "dwarf-with-dsym";
				ENABLE_NS_ASSERTIONS = NO;
				ENABLE_STRICT_OBJC_MSGSEND = YES;
				GCC_C_LANGUAGE_STANDARD = gnu11;
				GCC_NO_COMMON_BLOCKS = YES;
				GCC_WARN_64_TO_32_BIT_CONVERSION = YES;
				GCC_WARN_ABOUT_RETURN_TYPE = YES_ERROR;
				GCC_WARN_UNDECLARED_SELECTOR = YES;
				GCC_WARN_UNINITIALIZED_AUTOS = YES_AGGRESSIVE;
				GCC_WARN_UNUSED_FUNCTION = YES;
				GCC_WARN_UNUSED_VARIABLE = YES;
				MACOSX_DEPLOYMENT_TARGET = 10.13;
				MTL_ENABLE_DEBUG_INFO = NO;
				SDKROOT = macosx;
			};
			name = Release;
		};
		99E2DC9520AB640400471CBA /* Debug */ = {
			isa = XCBuildConfiguration;
			buildSettings = {
				CODE_SIGN_STYLE = Automatic;
				DEVELOPMENT_TEAM = Z6T78J2H4D;
				PRODUCT_NAME = "$(TARGET_NAME)";
			};
			name = Debug;
		};
		99E2DC9620AB640400471CBA /* Release */ = {
			isa = XCBuildConfiguration;
			buildSettings = {
				CODE_SIGN_STYLE = Automatic;
				DEVELOPMENT_TEAM = Z6T78J2H4D;
				PRODUCT_NAME = "$(TARGET_NAME)";
			};
			name = Release;
		};
/* End XCBuildConfiguration section */

/* Begin XCConfigurationList section */
		99E2DC8820AB640300471CBA /* Build configuration list for PBXProject "P7_AVL" */ = {
			isa = XCConfigurationList;
			buildConfigurations = (
				99E2DC9220AB640400471CBA /* Debug */,
				99E2DC9320AB640400471CBA /* Release */,
			);
			defaultConfigurationIsVisible = 0;
			defaultConfigurationName = Release;
		};
		99E2DC9420AB640400471CBA /* Build configuration list for PBXNativeTarget "P7_AVL" */ = {
			isa = XCConfigurationList;
			buildConfigurations = (
				99E2DC9520AB640400471CBA /* Debug */,
				99E2DC9620AB640400471CBA /* Release */,
			);
			defaultConfigurationIsVisible = 0;
			defaultConfigurationName = Release;
		};
/* End XCConfigurationList section */
	};
	rootObject = 99E2DC8520AB640300471CBA /* Project object */;
}
